# This file is automatically @generated by Poetry 2.5.1 and should not be changed by hand.

[[package]]
name = "cryptocode"
version = "0.1"
description = "Python library used to encrypt and decrypt strings in the simplest possible way."
optional = false
python-versions = "*"
groups = ["main"]
files = [
    {file = "cryptocode-0.1-py3-none-any.whl", hash = "sha256:510e8abf8d656e47b03227a5c3845374e23ff64d9947f2bb89d7230ea3bf773a"},
    {file = "cryptocode-0.1.tar.gz", hash = "sha256:1cf6718e542981ceafc1000b00d60458f8620a1e5adfceb3fc297205b38774cc"},
]

[package.dependencies]
pycryptodomex = "*"

[[package]]
name = "markdown-it-py"
version = "4.2.0"
description = "Python port of markdown-it. Markdown parsing, done right!"
optional = false
python-versions = ">=3.10"
groups = ["main"]
files = [
    {file = "markdown_it_py-4.2.0-py3-none-any.whl", hash = "sha256:9f7ebbcd14fe59494226453aed97c1070d83f8d24b6fc3a3bcf9a38092641c4a"},
    {file = "markdown_it_py-4.2.0.tar.gz", hash = "sha256:04a21681d6fbb623de53f6f364d352309d4094dd4194040a10fd51833e418d49"},
]

[package.dependencies]
mdurl = ">=0.1,<1.0"

[package.extras]
benchmarking = ["psutil", "pytest", "pytest-benchmark"]
compare = ["commonmark (>=0.9,<1.0)", "markdown (>=3.4,<4.0)", "markdown-it-pyrs", "mistletoe (>=1.0,<2.0)", "mistune (>=3.0,<4.0)", "panflute (>=2.3,<3.0)"]
linkify = ["linkify-it-py (>=1,<3)"]
plugins = ["mdit-py-plugins (>=0.5.0)"]
profiling = ["gprof2dot"]
rtd = ["ipykernel", "jupyter_sphinx", "mdit-py-plugins (>=0.5.0)", "myst-parser", "pyyaml", "sphinx", "sphinx-book-theme (>=1.0,<2.0)", "sphinx-copybutton", "sphinx-design"]
testing = ["coverage", "pytest", "pytest-cov", "pytest-regressions", "pytest-timeout", "requests"]

[[package]]
name = "mdurl"
version = "0.1.2"
description = "Markdown URL utilities"
optional = false
python-versions = ">=3.7"
groups = ["main"]
files = [
    {file = "mdurl-0.1.2-py3-none-any.whl", hash = "sha256:84008a41e51615a49fc9966191ff91509e3c40b939176e643fd50a5c2196b8f8"},
    {file = "mdurl-0.1.2.tar.gz", hash = "sha256:bb413d29f5eea38f31dd4754dd7377d4465116fb207585f97bf925588687c1ba"},
]

[[package]]
name = "prettytable"
version = "3.18.0"
description = "A simple Python library for easily displaying tabular data in a visually appealing ASCII table format"
optional = false
python-versions = ">=3.10"
groups = ["main"]
files = [
    {file = "prettytable-3.18.0-py3-none-any.whl", hash = "sha256:b3346e0e6f79180833aebaac088ae926340586cf6d7d991b9eb125b65f72313a"},
    {file = "prettytable-3.18.0.tar.gz", hash = "sha256:439217116152244369caf3d9f1caf2f9fe29b03bd79e88d2928c8e718c95d680"},
]

[package.dependencies]
wcwidth = ">=0.3.5"

[package.extras]
tests = ["pytest (>=9)", "pytest-cov", "pytest-lazy-fixtures"]

[[package]]
name = "pycryptodomex"
version = "3.24.0"
description = "Cryptographic library for Python"
optional = false
python-versions = "!=3.0.*,!=3.1.*,!=3.2.*,!=3.3.*,!=3.4.*,!=3.5.*,!=3.6.*,>=2.7"
groups = ["main"]
files = [
    {file = "pycryptodomex-3.24.0-cp27-cp27m-manylinux2010_i686.whl", hash = "sha256:b5d0afc29fc461d599379f814f5ba378e58c69418588034619d76747bc2b5d5d"},
    {file = "pycryptodomex-3.24.0-cp27-cp27m-manylinux2010_x86_64.whl", hash = "sha256:78bb214b8016aade97a357071d753a5c11687bce2ba693da48218c3472ece287"},
    {file = "pycryptodomex-3.24.0-cp27-cp27m-win32.whl", hash = "sha256:eb14a078429434b017f1fb26a75a8fcd62c12befb6b3d37ca39353dc2b5843fd"},
    {file = "pycryptodomex-3.24.0-cp27-cp27mu-manylinux2010_i686.whl", hash = "sha256:99c19dcd9846d6bf9886eb758c6d8e06c5bfd8a0c83802551f1aa56e80fe13dc"},
    {file = "pycryptodomex-3.24.0-cp27-cp27mu-manylinux2010_x86_64.whl", hash = "sha256:770db9a5b9d30d8a48486bc163870763f3fe0f983c780403cd15c332618fa51c"},
    {file = "pycryptodomex-3.24.0-cp313-cp313t-macosx_10_13_universal2.whl", hash = "sha256:abf768c285d289c4a0e0678f055663162c9d6257c79f5904fbd2692ade94da1c"},
    {file = "pycryptodomex-3.24.0-cp313-cp313t-macosx_10_13_x86_64.whl", hash = "sha256:c2f42f24d7112ebb93d3aed581d011c82c20101da7d7a6248145c530e99bd2eb"},
    {file = "pycryptodomex-3.24.0-cp313-cp313t-manylinux2014_aarch64.manylinux_2_17_aarch64.whl", hash = "sha256:e42a2e9531c40315290278d9eee93ea5031eda3c83969f5709ada51a1c7491b4"},
    {file = "pycryptodomex-3.24.0-cp313-cp313t-manylinux2014_x86_64.manylinux_2_17_x86_64.whl", hash = "sha256:c7055400f773856cd219680d15525c6fb147237534cbe5394a5f92f57f7efaed"},
    {file = "pycryptodomex-3.24.0-cp313-cp313t-musllinux_1_2_aarch64.whl", hash = "sha256:e8a7463d346015b42a0fb9c9179ebb7cccfd86bf40199c6796b546ac7be0b85c"},
    {file = "pycryptodomex-3.24.0-cp313-cp313t-musllinux_1_2_x86_64.whl", hash = "sha256:f96e10f0edff9d4b6b253e0a78f7c819749521d3ffe6af0139e08fcd35384405"},
    {file = "pycryptodomex-3.24.0-cp313-cp313t-win32.whl", hash = "sha256:3b6276fe007464502df796710fb57dcfeb813b6ccac0eabaf85100be1ad358f2"},
    {file = "pycryptodomex-3.24.0-cp313-cp313t-win_amd64.whl", hash = "sha256:88d37b28b450c06a03bd5570467c601fe8c7dbe493ca39771716f56fdbe35d6e"},
    {file = "pycryptodomex-3.24.0-cp313-cp313t-win_arm64.whl", hash = "sha256:e635c7ac056f2a47d79e2bf7042fb3fc6d175f47796a954388a3cec1f2e082a4"},
    {file = "pycryptodomex-3.24.0-cp314-cp314t-macosx_10_15_universal2.whl", hash = "sha256:f6af77f15a91bb6c16607067cfd201330cf5dfefe1c715e955be1fb06d368613"},
    {file = "pycryptodomex-3.24.0-cp314-cp314t-macosx_10_15_x86_64.whl", hash = "sha256:582efdf767d72c12538949b876a64b9a7af30f2cff063c06dd63ece32c4e5c1d"},
    {file = "pycryptodomex-3.24.0-cp314-cp314t-manylinux2014_aarch64.manylinux_2_17_aarch64.whl", hash = "sha256:5be79564e05ed620a63f353ea50e0d474eb598f70cda1b28c2ca8e9e2f02c139"},
    {file = "pycryptodomex-3.24.0-cp314-cp314t-manylinux2014_x86_64.manylinux_2_17_x86_64.whl", hash = "sha256:bb393480b5845ef4acbc9f713e4c473ad08be81bc3cdb5ef017cd02bdafd36e1"},
    {file = "pycryptodomex-3.24.0-cp314-cp314t-musllinux_1_2_aarch64.whl", hash = "sha256:c7b8ad51baf3505dd3d94ec974855359d15769e45c58c2b89c6d4612b1f7ed94"},
    {file = "pycryptodomex-3.24.0-cp314-cp314t-musllinux_1_2_x86_64.whl", hash = "sha256:7ffcedf4210d8c206fe9852ccde9f78ec9ce35e8039f0a989900ffe710e7a5db"},
    {file = "pycryptodomex-3.24.0-cp314-cp314t-win32.whl", hash = "sha256:8d6c5e01e4fb1ddd20cc24d4d8706643dd78b5279453dabcf10ba4e0683bf9b2"},
    {file = "pycryptodomex-3.24.0-cp314-cp314t-win_amd64.whl", hash = "sha256:c55e6c42f9eb43d90c15792bf69bc09cb3e13a5e55a30eecb555695a02b0d4c0"},
    {file = "pycryptodomex-3.24.0-cp314-cp314t-win_arm64.whl", hash = "sha256:6a62122fb4c85befcc01ec3a1ae5b2ba81689481aba1d383b4e21e34f18900dd"},
    {file = "pycryptodomex-3.24.0-cp37-abi3-macosx_10_9_universal2.whl", hash = "sha256:ef2bd306328a8447d4d2af6037efddd67ef16630876ed3ec84babd16ca558941"},
    {file = "pycryptodomex-3.24.0-cp37-abi3-macosx_10_9_x86_64.whl", hash = "sha256:42c8221e3a4ca04b070cb388fca004815f6544951bfb2cc6c7958e293b7caf64"},
    {file = "pycryptodomex-3.24.0-cp37-abi3-manylinux2014_aarch64.manylinux_2_17_aarch64.whl", hash = "sha256:da9996407d03684221a4e1603b70fad97d8772185e5f75addcd97fcbc4c3281f"},
    {file = "pycryptodomex-3.24.0-cp37-abi3-manylinux2014_x86_64.manylinux_2_17_x86_64.whl", hash = "sha256:556e063b52f338bd924fe5c40692cc1f50cb0453bd1d6580b7ffff2eade1a894"},
    {file = "pycryptodomex-3.24.0-cp37-abi3-musllinux_1_2_aarch64.whl", hash = "sha256:b6690bfae043c81108e28e31dc7e3afa8cb1b1eb0ba590fdbff2b66e4c6913e7"},
    {file = "pycryptodomex-3.24.0-cp37-abi3-musllinux_1_2_x86_64.whl", hash = "sha256:5fa46af1281be707e0ec5878aea0f77d58d8d4b465f63f7385a71ae0080bfff9"},
    {file = "pycryptodomex-3.24.0-cp37-abi3-win32.whl", hash = "sha256:fab40542a863cc142a763aa92630d613925fe3e937bea3ba5fb735e0c42d4f96"},
    {file = "pycryptodomex-3.24.0-cp37-abi3-win_amd64.whl", hash = "sha256:55f22d72250d7923aac3c2442ec6a1dd8774d2efa3bdcb0f68d5e137d372268e"},
    {file = "pycryptodomex-3.24.0-cp37-abi3-win_arm64.whl", hash = "sha256:908f92fbc307b642b65580d0295698f423b057018d87ae43d441f1d1a00674a2"},
    {file = "pycryptodomex-3.24.0-pp27-pypy_73-manylinux2010_x86_64.whl", hash = "sha256:0afd3f4cb2bd690cbf2b24e5d330e883cd5d8dcf3370aafc2aed16f676fff91e"},
    {file = "pycryptodomex-3.24.0-pp27-pypy_73-win32.whl", hash = "sha256:8293a92e6f71d6de57364432ff0ba48244959a81c632574eb5586e7e67f5de59"},
    {file = "pycryptodomex-3.24.0-pp310-pypy310_pp73-macosx_10_15_x86_64.whl", hash = "sha256:dc685ab0b420597fe9a3187555c14d5b4d87c1518a99646397018457dc2a70c8"},
    {file = "pycryptodomex-3.24.0-pp310-pypy310_pp73-manylinux2014_aarch64.manylinux_2_17_aarch64.whl", hash = "sha256:8a2a634c86c0a59b28b0d51bbf7e5d1feed00dc7ebdc789fe968f771f1430b47"},
    {file = "pycryptodomex-3.24.0-pp310-pypy310_pp73-manylinux2014_x86_64.manylinux_2_17_x86_64.whl", hash = "sha256:72742921e388856044163e711643244b6d5c7062846dc0676b1f9f0743846ab3"},
    {file = "pycryptodomex-3.24.0-pp310-pypy310_pp73-win_amd64.whl", hash = "sha256:793b9f5ba7e9147a6a6d8e284854e3711e12f43d4ef57a26b3415b2455a9801a"},
    {file = "pycryptodomex-3.24.0-pp311-pypy311_pp73-macosx_10_15_x86_64.whl", hash = "sha256:408fb76e0af11937381532c992d9f7c0dcf987878cbe61d772b0e788343e81c5"},
    {file = "pycryptodomex-3.24.0-pp311-pypy311_pp73-manylinux2014_aarch64.manylinux_2_17_aarch64.whl", hash = "sha256:b4f7f9c737ca1af9a79962d3289eaa6521869915ee9fbb9168e578277126691b"},
    {file = "pycryptodomex-3.24.0-pp311-pypy311_pp73-manylinux2014_x86_64.manylinux_2_17_x86_64.whl", hash = "sha256:96b60c0f36ab7c11a826c116633b08afeac58b9b9c066a5ad7cd373ed996363c"},
    {file = "pycryptodomex-3.24.0-pp311-pypy311_pp73-win_amd64.whl", hash = "sha256:ff8c1a125b2a7a2933219e9e523aabca31c920839c3c10968b56ec9a76c81d1e"},
    {file = "pycryptodomex-3.24.0.tar.gz", hash = "sha256:0428f19f13452c6b89bbaf2c530f84f369873811dfa77f0cee0da4f40fb0474f"},
]

[[package]]
name = "pygments"
version = "2.21.0"
description = "Pygments is a syntax highlighting package written in Python."
optional = false
python-versions = ">=3.9"
groups = ["main"]
files = [
    {file = "pygments-2.21.0-py3-none-any.whl", hash = "sha256:2363c69b61c4a97c838da3b130dcd6468f4848992b21a82f2a63ec34377137d9"},
    {file = "pygments-2.21.0.tar.gz", hash = "sha256:610ca751c9bc2492b38eb9a38a7fbc93edbbb2d7182edaf34e66ae493dee5c8c"},
]

[package.extras]
windows-terminal = ["colorama (>=0.4.6)"]

[[package]]
name = "rich"
version = "13.9.4"
description = "Render rich text, tables, progress bars, syntax highlighting, markdown and more to the terminal"
optional = false
python-versions = ">=3.8.0"
groups = ["main"]
files = [
    {file = "rich-13.9.4-py3-none-any.whl", hash = "sha256:6049d5e6ec054bf2779ab3358186963bac2ea89175919d699e378b99738c2a90"},
    {file = "rich-13.9.4.tar.gz", hash = "sha256:439594978a49a09530cff7ebc4b5c7103ef57baf48d5ea3184f21d9a2befa098"},
]

[package.dependencies]
markdown-it-py = ">=2.2.0"
pygments = ">=2.13.0,<3.0.0"

[package.extras]
jupyter = ["ipywidgets (>=7.5.1,<9)"]

[[package]]
name = "wcwidth"
version = "0.9.1"
description = "Measures the displayed width of unicode strings in a terminal"
optional = false
python-versions = ">=3.9"
groups = ["main"]
files = [
    {file = "wcwidth-0.9.1-cp310-abi3-macosx_10_9_x86_64.whl", hash = "sha256:10b00ba23482e352f874d2e8135e7ace9da838646c7dd800566246bbd46125ff"},
    {file = "wcwidth-0.9.1-cp310-abi3-macosx_11_0_arm64.whl", hash = "sha256:40d936d72c9bdc10df43f93a8be502bc5024b487259139f66a328722c07f34a9"},
    {file = "wcwidth-0.9.1-cp310-abi3-manylinux1_i686.manylinux2014_i686.manylinux_2_17_i686.manylinux_2_5_i686.whl", hash = "sha256:69bb970cf5652b88cfdb9d3fdd1764fc15e5f8ad531643e7bb3e894cd969740e"},
    {file = "wcwidth-0.9.1-cp310-abi3-manylinux2014_aarch64.manylinux_2_17_aarch64.whl", hash = "sha256:b5da43d6967668982e44a52fb551967d293f86d26cd86036ac95bbdd34394ed9"},
    {file = "wcwidth-0.9.1-cp310-abi3-manylinux2014_x86_64.manylinux_2_17_x86_64.whl", hash = "sha256:747fb724223f417a17541a95a17c1dac3a8ef9a0cf41684950f0eab191a35f65"},
    {file = "wcwidth-0.9.1-cp310-abi3-musllinux_1_2_aarch64.whl", hash = "sha256:6e1272b7986cefe79783737e38bdb9eaae0682b333c7bd132024441193dd5ce7"},
    {file = "wcwidth-0.9.1-cp310-abi3-musllinux_1_2_i686.whl", hash = "sha256:fe021c4d8de9d36c31a0cb41d0d2546dadd3b0708a301f1a0c66ce200851831f"},
    {file = "wcwidth-0.9.1-cp310-abi3-musllinux_1_2_x86_64.whl", hash = "sha256:708158c082364af442f9983de7b6ec9ac0d2e1b825ada25f0911b1f138d55405"},
    {file = "wcwidth-0.9.1-cp310-abi3-win32.whl", hash = "sha256:356376852357b8fca71fe5415808ec421679e04b4a98eb7c9cb6a7984b911a05"},
    {file = "wcwidth-0.9.1-cp310-abi3-win_amd64.whl", hash = "sha256:991d1c8834f548e9c1f16432075ee84638e122312556bbf1ed595ea8fffc4673"},
    {file = "wcwidth-0.9.1-cp310-abi3-win_arm64.whl", hash = "sha256:61bd7aef9cafb6cb77a37a169998d7928ce82a51522146d11f60db9e7d1cb43a"},
    {file = "wcwidth-0.9.1-cp314-cp314t-macosx_10_15_x86_64.whl", hash = "sha256:dc10e262c3ac0abbfd0a2a51e45a848b1b7f500b21ff512630277973ba25674d"},
    {file = "wcwidth-0.9.1-cp314-cp314t-macosx_11_0_arm64.whl", hash = "sha256:bcb9ed4a367cc025bf1092ac679a156759605182d60b7ed3c28f7221a42ddf55"},
    {file = "wcwidth-0.9.1-cp314-cp314t-manylinux1_i686.manylinux2014_i686.manylinux_2_17_i686.manylinux_2_5_i686.whl", hash = "sha256:0d68a30d504c68cfdff2a5f804675c1e7ab4c0bbe878024c8b680ec5579cde67"},
    {file = "wcwidth-0.9.1-cp314-cp314t-manylinux2014_aarch64.manylinux_2_17_aarch64.whl", hash = "sha256:9f1636c5075ffd5c2e835b4561874f6e5dd2bbeba3c6c2c99f067d0d16883af8"},
    {file = "wcwidth-0.9.1-cp314-cp314t-manylinux2014_x86_64.manylinux_2_17_x86_64.whl", hash = "sha256:c4cead196551112cb8f43cdd1f80c235ef2456e34b1a9955c424537ec99961b2"},
    {file = "wcwidth-0.9.1-cp314-cp314t-win32.whl", hash = "sha256:0665ee822ea04e25801e6e82e5407528be0863e88a17b0e7ca038843a4a3ac0c"},
    {file = "wcwidth-0.9.1-cp314-cp314t-win_amd64.whl", hash = "sha256:eab587e18e7cadf1a750b0098fc8bebfb62c125eb9306f2268f0443a282a3d78"},
    {file = "wcwidth-0.9.1-cp314-cp314t-win_arm64.whl", hash = "sha256:03cfca3dcbffa86564290fe3c9978a6191ba003e8ced7f7dbda315fcb3fbe725"},
    {file = "wcwidth-0.9.1-py3-none-any.whl", hash = "sha256:e0c3a1c45c5b9550c6919a4449e95f5b177f6e165786376981db8f1addae9b21"},
    {file = "wcwidth-0.9.1.tar.gz", hash = "sha256:5823209b0d43af322ce698c689380d7c15ca31fa8e6e3be8459f27031bef0af5"},
]

[metadata]
lock-version = "2.1"
python-versions = "^3.12,<3.13"
content-hash = "243e31ae9939d537abd803bbe31c9d1a81c2adbd9dd7308c255917e582e3930c"
